
Microsoft Visual Studio Solution File, Format Version 12.00
# Visual Studio Version 17
VisualStudioVersion = 17.14.36109.1
MinimumVisualStudioVersion = 10.0.40219.1
Project("{FAE04EC0-301F-11D3-BF4B-00C04F79EFBC}") = "UI", "UI\UI.csproj", "{CAEC6F25-CA54-454A-A375-C49606133943}"
EndProject
Project("{FAE04EC0-301F-11D3-BF4B-00C04F79EFBC}") = "DatabaseConnector", "DatabaseConnector\DatabaseConnector.csproj", "{4138E0EA-721C-4EB2-B25A-81FAF515CD7C}"
EndProject
Project("{FAE04EC0-301F-11D3-BF4B-00C04F79EFBC}") = "SchemaExtractor", "SchemaExtractor\SchemaExtractor.csproj", "{432B140E-C8AF-43AF-89B7-2F40F941A5AB}"
EndProject
Project("{FAE04EC0-301F-11D3-BF4B-00C04F79EFBC}") = "ConsoleApp", "ConsoleApp\ConsoleApp.csproj", "{0835C60E-B25B-4089-A58B-B78A98686E95}"
EndProject
Global
	GlobalSection(SolutionConfigurationPlatforms) = preSolution
		Debug|Any CPU = Debug|Any CPU
		Release|Any CPU = Release|Any CPU
	EndGlobalSection
	GlobalSection(ProjectConfigurationPlatforms) = postSolution
		{CAEC6F25-CA54-454A-A375-C49606133943}.Debug|Any CPU.ActiveCfg = Debug|Any CPU
		{CAEC6F25-CA54-454A-A375-C49606133943}.Debug|Any CPU.Build.0 = Debug|Any CPU
		{CAEC6F25-CA54-454A-A375-C49606133943}.Release|Any CPU.ActiveCfg = Release|Any CPU
		{CAEC6F25-CA54-454A-A375-C49606133943}.Release|Any CPU.Build.0 = Release|Any CPU
		{4138E0EA-721C-4EB2-B25A-81FAF515CD7C}.Debug|Any CPU.ActiveCfg = Debug|Any CPU
		{4138E0EA-721C-4EB2-B25A-81FAF515CD7C}.Debug|Any CPU.Build.0 = Debug|Any CPU
		{4138E0EA-721C-4EB2-B25A-81FAF515CD7C}.Release|Any CPU.ActiveCfg = Release|Any CPU
		{4138E0EA-721C-4EB2-B25A-81FAF515CD7C}.Release|Any CPU.Build.0 = Release|Any CPU
		{432B140E-C8AF-43AF-89B7-2F40F941A5AB}.Debug|Any CPU.ActiveCfg = Debug|Any CPU
		{432B140E-C8AF-43AF-89B7-2F40F941A5AB}.Debug|Any CPU.Build.0 = Debug|Any CPU
		{432B140E-C8AF-43AF-89B7-2F40F941A5AB}.Release|Any CPU.ActiveCfg = Release|Any CPU
		{432B140E-C8AF-43AF-89B7-2F40F941A5AB}.Release|Any CPU.Build.0 = Release|Any CPU
		{0835C60E-B25B-4089-A58B-B78A98686E95}.Debug|Any CPU.ActiveCfg = Debug|Any CPU
		{0835C60E-B25B-4089-A58B-B78A98686E95}.Debug|Any CPU.Build.0 = Debug|Any CPU
		{0835C60E-B25B-4089-A58B-B78A98686E95}.Release|Any CPU.ActiveCfg = Release|Any CPU
		{0835C60E-B25B-4089-A58B-B78A98686E95}.Release|Any CPU.Build.0 = Release|Any CPU
	EndGlobalSection
	GlobalSection(SolutionProperties) = preSolution
		HideSolutionNode = FALSE
	EndGlobalSection
	GlobalSection(ExtensibilityGlobals) = postSolution
		SolutionGuid = {F784BE88-027F-4E1F-82CD-E4AE8FCA7B84}
	EndGlobalSection
EndGlobal
